// !$*UTF8*$!
{
	archiveVersion = 1;
	classes = {
	};
	objectVersion = 46;
	objects = {

/* Begin PBXBuildFile section */
		252B463E27162D964D4B22D7 /* libPods-OnChain.a in Frameworks */ = {isa = PBXBuildFile; fileRef = 2FC4CBC0650A5AEE6CA3F806 /* libPods-OnChain.a */; };
		7E0159DA1A8660BE00D046B8 /* MultiUtils.m in Sources */ = {isa = PBXBuildFile; fileRef = 7E0159D91A8660BE00D046B8 /* MultiUtils.m */; };
		7E0159DD1A8664B300D046B8 /* ChainCommands.m in Sources */ = {isa = PBXBuildFile; fileRef = 7E0159DC1A8664B300D046B8 /* ChainCommands.m */; };
		7E09AD891A76B83800F3538B /* QRScanViewController.m in Sources */ = {isa = PBXBuildFile; fileRef = 7E09AD881A76B83800F3538B /* QRScanViewController.m */; };
		7E09AD8C1A76B8A100F3538B /* Define_Gloabal.m in Sources */ = {isa = PBXBuildFile; fileRef = 7E09AD8B1A76B8A100F3538B /* Define_Gloabal.m */; };
		7E09ADA71A77755300F3538B /* AFHTTPClient.m in Sources */ = {isa = PBXBuildFile; fileRef = 7E09AD901A77755300F3538B /* AFHTTPClient.m */; };
		7E09ADA81A77755300F3538B /* AFHTTPRequestOperation.m in Sources */ = {isa = PBXBuildFile; fileRef = 7E09AD921A77755300F3538B /* AFHTTPRequestOperation.m */; };
		7E09ADA91A77755300F3538B /* AFJSONRequestOperation.m in Sources */ = {isa = PBXBuildFile; fileRef = 7E09AD941A77755300F3538B /* AFJSONRequestOperation.m */; };
		7E09ADAA1A77755300F3538B /* AFURLConnectionOperation.m in Sources */ = {isa = PBXBuildFile; fileRef = 7E09AD971A77755300F3538B /* AFURLConnectionOperation.m */; };
		7E09ADAB1A77755300F3538B /* NSObject+SBJSON.m in Sources */ = {isa = PBXBuildFile; fileRef = 7E09AD9C1A77755300F3538B /* NSObject+SBJSON.m */; };
		7E09ADAC1A77755300F3538B /* NSString+SBJSON.m in Sources */ = {isa = PBXBuildFile; fileRef = 7E09AD9E1A77755300F3538B /* NSString+SBJSON.m */; };
		7E09ADAD1A77755300F3538B /* SBJSON.m in Sources */ = {isa = PBXBuildFile; fileRef = 7E09ADA01A77755300F3538B /* SBJSON.m */; };
		7E09ADAE1A77755300F3538B /* SBJsonBase.m in Sources */ = {isa = PBXBuildFile; fileRef = 7E09ADA21A77755300F3538B /* SBJsonBase.m */; };
		7E09ADAF1A77755300F3538B /* SBJsonParser.m in Sources */ = {isa = PBXBuildFile; fileRef = 7E09ADA41A77755300F3538B /* SBJsonParser.m */; };
		7E09ADB01A77755300F3538B /* SBJsonWriter.m in Sources */ = {isa = PBXBuildFile; fileRef = 7E09ADA61A77755300F3538B /* SBJsonWriter.m */; };
		7E09ADB41A77768E00F3538B /* NetworkingClass.m in Sources */ = {isa = PBXBuildFile; fileRef = 7E09ADB31A77768E00F3538B /* NetworkingClass.m */; };
		7E09ADB81A777A3400F3538B /* QRCodeParse.m in Sources */ = {isa = PBXBuildFile; fileRef = 7E09ADB71A777A3400F3538B /* QRCodeParse.m */; };
		7E09ADBB1A778B4100F3538B /* QRAnalystics.m in Sources */ = {isa = PBXBuildFile; fileRef = 7E09ADBA1A778B4100F3538B /* QRAnalystics.m */; };
		7E30D5851A827A22006B45E9 /* MnemonicCode.m in Sources */ = {isa = PBXBuildFile; fileRef = 7E30D5841A827A22006B45E9 /* MnemonicCode.m */; };
		7EAC92F41A76ACE900058BA3 /* main.m in Sources */ = {isa = PBXBuildFile; fileRef = 7EAC92F31A76ACE900058BA3 /* main.m */; };
		7EAC92F71A76ACE900058BA3 /* AppDelegate.m in Sources */ = {isa = PBXBuildFile; fileRef = 7EAC92F61A76ACE900058BA3 /* AppDelegate.m */; };
		7EAC92FA1A76ACE900058BA3 /* OnChain.xcdatamodeld in Sources */ = {isa = PBXBuildFile; fileRef = 7EAC92F81A76ACE900058BA3 /* OnChain.xcdatamodeld */; };
		7EAC93001A76ACE900058BA3 /* Main.storyboard in Resources */ = {isa = PBXBuildFile; fileRef = 7EAC92FE1A76ACE900058BA3 /* Main.storyboard */; };
		7EAC93021A76ACE900058BA3 /* Images.xcassets in Resources */ = {isa = PBXBuildFile; fileRef = 7EAC93011A76ACE900058BA3 /* Images.xcassets */; };
		7EAC93051A76ACE900058BA3 /* LaunchScreen.xib in Resources */ = {isa = PBXBuildFile; fileRef = 7EAC93031A76ACE900058BA3 /* LaunchScreen.xib */; };
		7EAC93111A76ACE900058BA3 /* OnChainTests.m in Sources */ = {isa = PBXBuildFile; fileRef = 7EAC93101A76ACE900058BA3 /* OnChainTests.m */; };
		7EBFD8241A77C7FB00CF3A36 /* BitID.m in Sources */ = {isa = PBXBuildFile; fileRef = 7EBFD8231A77C7FB00CF3A36 /* BitID.m */; };
		7EF7C6141A7AB78F00B1EED3 /* BitIDCommands.m in Sources */ = {isa = PBXBuildFile; fileRef = 7EF7C6131A7AB78F00B1EED3 /* BitIDCommands.m */; };
/* End PBXBuildFile section */

/* Begin PBXContainerItemProxy section */
		7EAC930B1A76ACE900058BA3 /* PBXContainerItemProxy */ = {
			isa = PBXContainerItemProxy;
			containerPortal = 7EAC92E61A76ACE900058BA3 /* Project object */;
			proxyType = 1;
			remoteGlobalIDString = 7EAC92ED1A76ACE900058BA3;
			remoteInfo = OnChain;
		};
/* End PBXContainerItemProxy section */

/* Begin PBXFileReference section */
		2FC4CBC0650A5AEE6CA3F806 /* libPods-OnChain.a */ = {isa = PBXFileReference; explicitFileType = archive.ar; includeInIndex = 0; path = "libPods-OnChain.a"; sourceTree = BUILT_PRODUCTS_DIR; };
		7E0159D81A8660BE00D046B8 /* MultiUtils.h */ = {isa = PBXFileReference; fileEncoding = 4; lastKnownFileType = sourcecode.c.h; path = MultiUtils.h; sourceTree = "<group>"; };
		7E0159D91A8660BE00D046B8 /* MultiUtils.m */ = {isa = PBXFileReference; fileEncoding = 4; lastKnownFileType = sourcecode.c.objc; path = MultiUtils.m; sourceTree = "<group>"; };
		7E0159DB1A8664B300D046B8 /* ChainCommands.h */ = {isa = PBXFileReference; fileEncoding = 4; lastKnownFileType = sourcecode.c.h; path = ChainCommands.h; sourceTree = "<group>"; };
		7E0159DC1A8664B300D046B8 /* ChainCommands.m */ = {isa = PBXFileReference; fileEncoding = 4; lastKnownFileType = sourcecode.c.objc; path = ChainCommands.m; sourceTree = "<group>"; };
		7E09AD871A76B83800F3538B /* QRScanViewController.h */ = {isa = PBXFileReference; fileEncoding = 4; lastKnownFileType = sourcecode.c.h; path = QRScanViewController.h; sourceTree = "<group>"; };
		7E09AD881A76B83800F3538B /* QRScanViewController.m */ = {isa = PBXFileReference; fileEncoding = 4; lastKnownFileType = sourcecode.c.objc; path = QRScanViewController.m; sourceTree = "<group>"; };
		7E09AD8A1A76B8A100F3538B /* Define_Gloabal.h */ = {isa = PBXFileReference; fileEncoding = 4; lastKnownFileType = sourcecode.c.h; path = Define_Gloabal.h; sourceTree = "<group>"; };
		7E09AD8B1A76B8A100F3538B /* Define_Gloabal.m */ = {isa = PBXFileReference; fileEncoding = 4; lastKnownFileType = sourcecode.c.objc; path = Define_Gloabal.m; sourceTree = "<group>"; };
		7E09AD8F1A77755300F3538B /* AFHTTPClient.h */ = {isa = PBXFileReference; fileEncoding = 4; lastKnownFileType = sourcecode.c.h; path = AFHTTPClient.h; sourceTree = "<group>"; };
		7E09AD901A77755300F3538B /* AFHTTPClient.m */ = {isa = PBXFileReference; fileEncoding = 4; lastKnownFileType = sourcecode.c.objc; path = AFHTTPClient.m; sourceTree = "<group>"; };
		7E09AD911A77755300F3538B /* AFHTTPRequestOperation.h */ = {isa = PBXFileReference; fileEncoding = 4; lastKnownFileType = sourcecode.c.h; path = AFHTTPRequestOperation.h; sourceTree = "<group>"; };
		7E09AD921A77755300F3538B /* AFHTTPRequestOperation.m */ = {isa = PBXFileReference; fileEncoding = 4; lastKnownFileType = sourcecode.c.objc; path = AFHTTPRequestOperation.m; sourceTree = "<group>"; };
		7E09AD931A77755300F3538B /* AFJSONRequestOperation.h */ = {isa = PBXFileReference; fileEncoding = 4; lastKnownFileType = sourcecode.c.h; path = AFJSONRequestOperation.h; sourceTree = "<group>"; };
		7E09AD941A77755300F3538B /* AFJSONRequestOperation.m */ = {isa = PBXFileReference; fileEncoding = 4; lastKnownFileType = sourcecode.c.objc; path = AFJSONRequestOperation.m; sourceTree = "<group>"; };
		7E09AD951A77755300F3538B /* AFJSONUtilities.h */ = {isa = PBXFileReference; fileEncoding = 4; lastKnownFileType = sourcecode.c.h; path = AFJSONUtilities.h; sourceTree = "<group>"; };
		7E09AD961A77755300F3538B /* AFURLConnectionOperation.h */ = {isa = PBXFileReference; fileEncoding = 4; lastKnownFileType = sourcecode.c.h; path = AFURLConnectionOperation.h; sourceTree = "<group>"; };
		7E09AD971A77755300F3538B /* AFURLConnectionOperation.m */ = {isa = PBXFileReference; fileEncoding = 4; lastKnownFileType = sourcecode.c.objc; path = AFURLConnectionOperation.m; sourceTree = "<group>"; };
		7E09AD9A1A77755300F3538B /* JSON.h */ = {isa = PBXFileReference; fileEncoding = 4; lastKnownFileType = sourcecode.c.h; path = JSON.h; sourceTree = "<group>"; };
		7E09AD9B1A77755300F3538B /* NSObject+SBJSON.h */ = {isa = PBXFileReference; fileEncoding = 4; lastKnownFileType = sourcecode.c.h; path = "NSObject+SBJSON.h"; sourceTree = "<group>"; };
		7E09AD9C1A77755300F3538B /* NSObject+SBJSON.m */ = {isa = PBXFileReference; fileEncoding = 4; lastKnownFileType = sourcecode.c.objc; path = "NSObject+SBJSON.m"; sourceTree = "<group>"; };
		7E09AD9D1A77755300F3538B /* NSString+SBJSON.h */ = {isa = PBXFileReference; fileEncoding = 4; lastKnownFileType = sourcecode.c.h; path = "NSString+SBJSON.h"; sourceTree = "<group>"; };
		7E09AD9E1A77755300F3538B /* NSString+SBJSON.m */ = {isa = PBXFileReference; fileEncoding = 4; lastKnownFileType = sourcecode.c.objc; path = "NSString+SBJSON.m"; sourceTree = "<group>"; };
		7E09AD9F1A77755300F3538B /* SBJSON.h */ = {isa = PBXFileReference; fileEncoding = 4; lastKnownFileType = sourcecode.c.h; path = SBJSON.h; sourceTree = "<group>"; };
		7E09ADA01A77755300F3538B /* SBJSON.m */ = {isa = PBXFileReference; fileEncoding = 4; lastKnownFileType = sourcecode.c.objc; path = SBJSON.m; sourceTree = "<group>"; };
		7E09ADA11A77755300F3538B /* SBJsonBase.h */ = {isa = PBXFileReference; fileEncoding = 4; lastKnownFileType = sourcecode.c.h; path = SBJsonBase.h; sourceTree = "<group>"; };
		7E09ADA21A77755300F3538B /* SBJsonBase.m */ = {isa = PBXFileReference; fileEncoding = 4; lastKnownFileType = sourcecode.c.objc; path = SBJsonBase.m; sourceTree = "<group>"; };
		7E09ADA31A77755300F3538B /* SBJsonParser.h */ = {isa = PBXFileReference; fileEncoding = 4; lastKnownFileType = sourcecode.c.h; path = SBJsonParser.h; sourceTree = "<group>"; };
		7E09ADA41A77755300F3538B /* SBJsonParser.m */ = {isa = PBXFileReference; fileEncoding = 4; lastKnownFileType = sourcecode.c.objc; path = SBJsonParser.m; sourceTree = "<group>"; };
		7E09ADA51A77755300F3538B /* SBJsonWriter.h */ = {isa = PBXFileReference; fileEncoding = 4; lastKnownFileType = sourcecode.c.h; path = SBJsonWriter.h; sourceTree = "<group>"; };
		7E09ADA61A77755300F3538B /* SBJsonWriter.m */ = {isa = PBXFileReference; fileEncoding = 4; lastKnownFileType = sourcecode.c.objc; path = SBJsonWriter.m; sourceTree = "<group>"; };
		7E09ADB21A77768E00F3538B /* NetworkingClass.h */ = {isa = PBXFileReference; fileEncoding = 4; lastKnownFileType = sourcecode.c.h; path = NetworkingClass.h; sourceTree = "<group>"; };
		7E09ADB31A77768E00F3538B /* NetworkingClass.m */ = {isa = PBXFileReference; fileEncoding = 4; lastKnownFileType = sourcecode.c.objc; path = NetworkingClass.m; sourceTree = "<group>"; };
		7E09ADB61A777A3400F3538B /* QRCodeParse.h */ = {isa = PBXFileReference; fileEncoding = 4; lastKnownFileType = sourcecode.c.h; path = QRCodeParse.h; sourceTree = "<group>"; };
		7E09ADB71A777A3400F3538B /* QRCodeParse.m */ = {isa = PBXFileReference; fileEncoding = 4; lastKnownFileType = sourcecode.c.objc; path = QRCodeParse.m; sourceTree = "<group>"; };
		7E09ADB91A778B4100F3538B /* QRAnalystics.h */ = {isa = PBXFileReference; fileEncoding = 4; lastKnownFileType = sourcecode.c.h; path = QRAnalystics.h; sourceTree = "<group>"; };
		7E09ADBA1A778B4100F3538B /* QRAnalystics.m */ = {isa = PBXFileReference; fileEncoding = 4; lastKnownFileType = sourcecode.c.objc; path = QRAnalystics.m; sourceTree = "<group>"; };
		7E30D5831A827A22006B45E9 /* MnemonicCode.h */ = {isa = PBXFileReference; fileEncoding = 4; lastKnownFileType = sourcecode.c.h; path = MnemonicCode.h; sourceTree = "<group>"; };
		7E30D5841A827A22006B45E9 /* MnemonicCode.m */ = {isa = PBXFileReference; fileEncoding = 4; lastKnownFileType = sourcecode.c.objc; path = MnemonicCode.m; sourceTree = "<group>"; };
		7EAC92EE1A76ACE900058BA3 /* OnChain.app */ = {isa = PBXFileReference; explicitFileType = wrapper.application; includeInIndex = 0; path = OnChain.app; sourceTree = BUILT_PRODUCTS_DIR; };
		7EAC92F21A76ACE900058BA3 /* Info.plist */ = {isa = PBXFileReference; lastKnownFileType = text.plist.xml; path = Info.plist; sourceTree = "<group>"; };
		7EAC92F31A76ACE900058BA3 /* main.m */ = {isa = PBXFileReference; lastKnownFileType = sourcecode.c.objc; path = main.m; sourceTree = "<group>"; };
		7EAC92F51A76ACE900058BA3 /* AppDelegate.h */ = {isa = PBXFileReference; lastKnownFileType = sourcecode.c.h; path = AppDelegate.h; sourceTree = "<group>"; };
		7EAC92F61A76ACE900058BA3 /* AppDelegate.m */ = {isa = PBXFileReference; lastKnownFileType = sourcecode.c.objc; path = AppDelegate.m; sourceTree = "<group>"; };
		7EAC92F91A76ACE900058BA3 /* OnChain.xcdatamodel */ = {isa = PBXFileReference; lastKnownFileType = wrapper.xcdatamodel; path = OnChain.xcdatamodel; sourceTree = "<group>"; };
		7EAC92FF1A76ACE900058BA3 /* Base */ = {isa = PBXFileReference; lastKnownFileType = file.storyboard; name = Base; path = Base.lproj/Main.storyboard; sourceTree = "<group>"; };
		7EAC93011A76ACE900058BA3 /* Images.xcassets */ = {isa = PBXFileReference; lastKnownFileType = folder.assetcatalog; path = Images.xcassets; sourceTree = "<group>"; };
		7EAC93041A76ACE900058BA3 /* Base */ = {isa = PBXFileReference; lastKnownFileType = file.xib; name = Base; path = Base.lproj/LaunchScreen.xib; sourceTree = "<group>"; };
		7EAC930A1A76ACE900058BA3 /* OnChainTests.xctest */ = {isa = PBXFileReference; explicitFileType = wrapper.cfbundle; includeInIndex = 0; path = OnChainTests.xctest; sourceTree = BUILT_PRODUCTS_DIR; };
		7EAC930F1A76ACE900058BA3 /* Info.plist */ = {isa = PBXFileReference; lastKnownFileType = text.plist.xml; path = Info.plist; sourceTree = "<group>"; };
		7EAC93101A76ACE900058BA3 /* OnChainTests.m */ = {isa = PBXFileReference; lastKnownFileType = sourcecode.c.objc; path = OnChainTests.m; sourceTree = "<group>"; };
		7EBFD8221A77C7FB00CF3A36 /* BitID.h */ = {isa = PBXFileReference; fileEncoding = 4; lastKnownFileType = sourcecode.c.h; path = BitID.h; sourceTree = "<group>"; };
		7EBFD8231A77C7FB00CF3A36 /* BitID.m */ = {isa = PBXFileReference; fileEncoding = 4; lastKnownFileType = sourcecode.c.objc; path = BitID.m; sourceTree = "<group>"; };
		7EF7C6121A7AB78F00B1EED3 /* BitIDCommands.h */ = {isa = PBXFileReference; fileEncoding = 4; lastKnownFileType = sourcecode.c.h; path = BitIDCommands.h; sourceTree = "<group>"; };
		7EF7C6131A7AB78F00B1EED3 /* BitIDCommands.m */ = {isa = PBXFileReference; fileEncoding = 4; lastKnownFileType = sourcecode.c.objc; path = BitIDCommands.m; sourceTree = "<group>"; };
		DFCDAE795393527EC56CF9E2 /* Pods-OnChain.debug.xcconfig */ = {isa = PBXFileReference; includeInIndex = 1; lastKnownFileType = text.xcconfig; name = "Pods-OnChain.debug.xcconfig"; path = "Pods/Target Support Files/Pods-OnChain/Pods-OnChain.debug.xcconfig"; sourceTree = "<group>"; };
		F34FF5FB5007E4DA47C80402 /* Pods-OnChain.release.xcconfig */ = {isa = PBXFileReference; includeInIndex = 1; lastKnownFileType = text.xcconfig; name = "Pods-OnChain.release.xcconfig"; path = "Pods/Target Support Files/Pods-OnChain/Pods-OnChain.release.xcconfig"; sourceTree = "<group>"; };
/* End PBXFileReference section */

/* Begin PBXFrameworksBuildPhase section */
		7EAC92EB1A76ACE900058BA3 /* Frameworks */ = {
			isa = PBXFrameworksBuildPhase;
			buildActionMask = 2147483647;
			files = (
				252B463E27162D964D4B22D7 /* libPods-OnChain.a in Frameworks */,
			);
			runOnlyForDeploymentPostprocessing = 0;
		};
		7EAC93071A76ACE900058BA3 /* Frameworks */ = {
			isa = PBXFrameworksBuildPhase;
			buildActionMask = 2147483647;
			files = (
			);
			runOnlyForDeploymentPostprocessing = 0;
		};
/* End PBXFrameworksBuildPhase section */

/* Begin PBXGroup section */
		1E4EB4258D22B15E6C33AD3A /* Pods */ = {
			isa = PBXGroup;
			children = (
				DFCDAE795393527EC56CF9E2 /* Pods-OnChain.debug.xcconfig */,
				F34FF5FB5007E4DA47C80402 /* Pods-OnChain.release.xcconfig */,
			);
			name = Pods;
			sourceTree = "<group>";
		};
		383F21A0907B18A912DC2FA9 /* Frameworks */ = {
			isa = PBXGroup;
			children = (
				2FC4CBC0650A5AEE6CA3F806 /* libPods-OnChain.a */,
			);
			name = Frameworks;
			sourceTree = "<group>";
		};
		7E09AD8D1A77755300F3538B /* Classes */ = {
			isa = PBXGroup;
			children = (
				7E30D5821A826F0E006B45E9 /* KeyModel */,
				7E09ADB51A777A2A00F3538B /* QRCodeParse */,
				7E09ADB11A77758100F3538B /* Networking */,
				7E09AD8E1A77755300F3538B /* AFNetworking */,
				7E09AD991A77755300F3538B /* JSON */,
			);
			path = Classes;
			sourceTree = "<group>";
		};
		7E09AD8E1A77755300F3538B /* AFNetworking */ = {
			isa = PBXGroup;
			children = (
				7E09AD8F1A77755300F3538B /* AFHTTPClient.h */,
				7E09AD901A77755300F3538B /* AFHTTPClient.m */,
				7E09AD911A77755300F3538B /* AFHTTPRequestOperation.h */,
				7E09AD921A77755300F3538B /* AFHTTPRequestOperation.m */,
				7E09AD931A77755300F3538B /* AFJSONRequestOperation.h */,
				7E09AD941A77755300F3538B /* AFJSONRequestOperation.m */,
				7E09AD951A77755300F3538B /* AFJSONUtilities.h */,
				7E09AD961A77755300F3538B /* AFURLConnectionOperation.h */,
				7E09AD971A77755300F3538B /* AFURLConnectionOperation.m */,
			);
			path = AFNetworking;
			sourceTree = "<group>";
		};
		7E09AD991A77755300F3538B /* JSON */ = {
			isa = PBXGroup;
			children = (
				7E09AD9A1A77755300F3538B /* JSON.h */,
				7E09AD9B1A77755300F3538B /* NSObject+SBJSON.h */,
				7E09AD9C1A77755300F3538B /* NSObject+SBJSON.m */,
				7E09AD9D1A77755300F3538B /* NSString+SBJSON.h */,
				7E09AD9E1A77755300F3538B /* NSString+SBJSON.m */,
				7E09AD9F1A77755300F3538B /* SBJSON.h */,
				7E09ADA01A77755300F3538B /* SBJSON.m */,
				7E09ADA11A77755300F3538B /* SBJsonBase.h */,
				7E09ADA21A77755300F3538B /* SBJsonBase.m */,
				7E09ADA31A77755300F3538B /* SBJsonParser.h */,
				7E09ADA41A77755300F3538B /* SBJsonParser.m */,
				7E09ADA51A77755300F3538B /* SBJsonWriter.h */,
				7E09ADA61A77755300F3538B /* SBJsonWriter.m */,
			);
			path = JSON;
			sourceTree = "<group>";
		};
		7E09ADB11A77758100F3538B /* Networking */ = {
			isa = PBXGroup;
			children = (
				7E09ADB21A77768E00F3538B /* NetworkingClass.h */,
				7E09ADB31A77768E00F3538B /* NetworkingClass.m */,
			);
			path = Networking;
			sourceTree = "<group>";
		};
		7E09ADB51A777A2A00F3538B /* QRCodeParse */ = {
			isa = PBXGroup;
			children = (
				7E09ADB61A777A3400F3538B /* QRCodeParse.h */,
				7E09ADB71A777A3400F3538B /* QRCodeParse.m */,
				7E09ADB91A778B4100F3538B /* QRAnalystics.h */,
				7E09ADBA1A778B4100F3538B /* QRAnalystics.m */,
				7EBFD8221A77C7FB00CF3A36 /* BitID.h */,
				7EBFD8231A77C7FB00CF3A36 /* BitID.m */,
				7EF7C6121A7AB78F00B1EED3 /* BitIDCommands.h */,
				7EF7C6131A7AB78F00B1EED3 /* BitIDCommands.m */,
			);
			path = QRCodeParse;
			sourceTree = "<group>";
		};
		7E30D5821A826F0E006B45E9 /* KeyModel */ = {
			isa = PBXGroup;
			children = (
				7E30D5831A827A22006B45E9 /* MnemonicCode.h */,
				7E30D5841A827A22006B45E9 /* MnemonicCode.m */,
				7E0159D81A8660BE00D046B8 /* MultiUtils.h */,
				7E0159D91A8660BE00D046B8 /* MultiUtils.m */,
				7E0159DB1A8664B300D046B8 /* ChainCommands.h */,
				7E0159DC1A8664B300D046B8 /* ChainCommands.m */,
			);
			path = KeyModel;
			sourceTree = "<group>";
		};
		7EAC92E51A76ACE900058BA3 = {
			isa = PBXGroup;
			children = (
				7EAC92F01A76ACE900058BA3 /* OnChain */,
				7EAC930D1A76ACE900058BA3 /* OnChainTests */,
				7EAC92EF1A76ACE900058BA3 /* Products */,
				1E4EB4258D22B15E6C33AD3A /* Pods */,
				383F21A0907B18A912DC2FA9 /* Frameworks */,
			);
			sourceTree = "<group>";
		};
		7EAC92EF1A76ACE900058BA3 /* Products */ = {
			isa = PBXGroup;
			children = (
				7EAC92EE1A76ACE900058BA3 /* OnChain.app */,
				7EAC930A1A76ACE900058BA3 /* OnChainTests.xctest */,
			);
			name = Products;
			sourceTree = "<group>";
		};
		7EAC92F01A76ACE900058BA3 /* OnChain */ = {
			isa = PBXGroup;
			children = (
				7E09AD8D1A77755300F3538B /* Classes */,
				7EAC92F51A76ACE900058BA3 /* AppDelegate.h */,
				7EAC92F61A76ACE900058BA3 /* AppDelegate.m */,
				7E09AD8A1A76B8A100F3538B /* Define_Gloabal.h */,
				7E09AD8B1A76B8A100F3538B /* Define_Gloabal.m */,
				7E09AD871A76B83800F3538B /* QRScanViewController.h */,
				7E09AD881A76B83800F3538B /* QRScanViewController.m */,
				7EAC92FE1A76ACE900058BA3 /* Main.storyboard */,
				7EAC93011A76ACE900058BA3 /* Images.xcassets */,
				7EAC93031A76ACE900058BA3 /* LaunchScreen.xib */,
				7EAC92F81A76ACE900058BA3 /* OnChain.xcdatamodeld */,
				7EAC92F11A76ACE900058BA3 /* Supporting Files */,
			);
			path = OnChain;
			sourceTree = "<group>";
		};
		7EAC92F11A76ACE900058BA3 /* Supporting Files */ = {
			isa = PBXGroup;
			children = (
				7EAC92F21A76ACE900058BA3 /* Info.plist */,
				7EAC92F31A76ACE900058BA3 /* main.m */,
			);
			name = "Supporting Files";
			sourceTree = "<group>";
		};
		7EAC930D1A76ACE900058BA3 /* OnChainTests */ = {
			isa = PBXGroup;
			children = (
				7EAC93101A76ACE900058BA3 /* OnChainTests.m */,
				7EAC930E1A76ACE900058BA3 /* Supporting Files */,
			);
			path = OnChainTests;
			sourceTree = "<group>";
		};
		7EAC930E1A76ACE900058BA3 /* Supporting Files */ = {
			isa = PBXGroup;
			children = (
				7EAC930F1A76ACE900058BA3 /* Info.plist */,
			);
			name = "Supporting Files";
			sourceTree = "<group>";
		};
/* End PBXGroup section */

/* Begin PBXNativeTarget section */
		7EAC92ED1A76ACE900058BA3 /* OnChain */ = {
			isa = PBXNativeTarget;
			buildConfigurationList = 7EAC93141A76ACE900058BA3 /* Build configuration list for PBXNativeTarget "OnChain" */;
			buildPhases = (
				511723A9CE5E990E6D680C5F /* Check Pods Manifest.lock */,
				7EAC92EA1A76ACE900058BA3 /* Sources */,
				7EAC92EB1A76ACE900058BA3 /* Frameworks */,
				7EAC92EC1A76ACE900058BA3 /* Resources */,
				F59C4248D21AFD61C3AEFAA6 /* Copy Pods Resources */,
			);
			buildRules = (
			);
			dependencies = (
			);
			name = OnChain;
			productName = OnChain;
			productReference = 7EAC92EE1A76ACE900058BA3 /* OnChain.app */;
			productType = "com.apple.product-type.application";
		};
		7EAC93091A76ACE900058BA3 /* OnChainTests */ = {
			isa = PBXNativeTarget;
			buildConfigurationList = 7EAC93171A76ACE900058BA3 /* Build configuration list for PBXNativeTarget "OnChainTests" */;
			buildPhases = (
				7EAC93061A76ACE900058BA3 /* Sources */,
				7EAC93071A76ACE900058BA3 /* Frameworks */,
				7EAC93081A76ACE900058BA3 /* Resources */,
			);
			buildRules = (
			);
			dependencies = (
				7EAC930C1A76ACE900058BA3 /* PBXTargetDependency */,
			);
			name = OnChainTests;
			productName = OnChainTests;
			productReference = 7EAC930A1A76ACE900058BA3 /* OnChainTests.xctest */;
			productType = "com.apple.product-type.bundle.unit-test";
		};
/* End PBXNativeTarget section */

/* Begin PBXProject section */
		7EAC92E61A76ACE900058BA3 /* Project object */ = {
			isa = PBXProject;
			attributes = {
				LastUpgradeCheck = 0610;
				ORGANIZATIONNAME = IT;
				TargetAttributes = {
					7EAC92ED1A76ACE900058BA3 = {
						CreatedOnToolsVersion = 6.1;
					};
					7EAC93091A76ACE900058BA3 = {
						CreatedOnToolsVersion = 6.1;
						TestTargetID = 7EAC92ED1A76ACE900058BA3;
					};
				};
			};
			buildConfigurationList = 7EAC92E91A76ACE900058BA3 /* Build configuration list for PBXProject "OnChain" */;
			compatibilityVersion = "Xcode 3.2";
			developmentRegion = English;
			hasScannedForEncodings = 0;
			knownRegions = (
				en,
				Base,
			);
			mainGroup = 7EAC92E51A76ACE900058BA3;
			productRefGroup = 7EAC92EF1A76ACE900058BA3 /* Products */;
			projectDirPath = "";
			projectRoot = "";
			targets = (
				7EAC92ED1A76ACE900058BA3 /* OnChain */,
				7EAC93091A76ACE900058BA3 /* OnChainTests */,
			);
		};
/* End PBXProject section */

/* Begin PBXResourcesBuildPhase section */
		7EAC92EC1A76ACE900058BA3 /* Resources */ = {
			isa = PBXResourcesBuildPhase;
			buildActionMask = 2147483647;
			files = (
				7EAC93001A76ACE900058BA3 /* Main.storyboard in Resources */,
				7EAC93051A76ACE900058BA3 /* LaunchScreen.xib in Resources */,
				7EAC93021A76ACE900058BA3 /* Images.xcassets in Resources */,
			);
			runOnlyForDeploymentPostprocessing = 0;
		};
		7EAC93081A76ACE900058BA3 /* Resources */ = {
			isa = PBXResourcesBuildPhase;
			buildActionMask = 2147483647;
			files = (
			);
			runOnlyForDeploymentPostprocessing = 0;
		};
/* End PBXResourcesBuildPhase section */

/* Begin PBXShellScriptBuildPhase section */
		511723A9CE5E990E6D680C5F /* Check Pods Manifest.lock */ = {
			isa = PBXShellScriptBuildPhase;
			buildActionMask = 2147483647;
			files = (
			);
			inputPaths = (
			);
			name = "Check Pods Manifest.lock";
			outputPaths = (
			);
			runOnlyForDeploymentPostprocessing = 0;
			shellPath = /bin/sh;
			shellScript = "diff \"${PODS_ROOT}/../Podfile.lock\" \"${PODS_ROOT}/Manifest.lock\" > /dev/null\nif [[ $? != 0 ]] ; then\n    cat << EOM\nerror: The sandbox is not in sync with the Podfile.lock. Run 'pod install' or update your CocoaPods installation.\nEOM\n    exit 1\nfi\n";
			showEnvVarsInLog = 0;
		};
		F59C4248D21AFD61C3AEFAA6 /* Copy Pods Resources */ = {
			isa = PBXShellScriptBuildPhase;
			buildActionMask = 2147483647;
			files = (
			);
			inputPaths = (
			);
			name = "Copy Pods Resources";
			outputPaths = (
			);
			runOnlyForDeploymentPostprocessing = 0;
			shellPath = /bin/sh;
			shellScript = "\"${SRCROOT}/Pods/Target Support Files/Pods-OnChain/Pods-OnChain-resources.sh\"\n";
			showEnvVarsInLog = 0;
		};
/* End PBXShellScriptBuildPhase section */

/* Begin PBXSourcesBuildPhase section */
		7EAC92EA1A76ACE900058BA3 /* Sources */ = {
			isa = PBXSourcesBuildPhase;
			buildActionMask = 2147483647;
			files = (
				7E30D5851A827A22006B45E9 /* MnemonicCode.m in Sources */,
				7E09ADAB1A77755300F3538B /* NSObject+SBJSON.m in Sources */,
				7E09ADB01A77755300F3538B /* SBJsonWriter.m in Sources */,
				7E0159DA1A8660BE00D046B8 /* MultiUtils.m in Sources */,
				7E0159DD1A8664B300D046B8 /* ChainCommands.m in Sources */,
				7E09ADB81A777A3400F3538B /* QRCodeParse.m in Sources */,
				7E09AD891A76B83800F3538B /* QRScanViewController.m in Sources */,
				7EAC92F71A76ACE900058BA3 /* AppDelegate.m in Sources */,
				7EAC92FA1A76ACE900058BA3 /* OnChain.xcdatamodeld in Sources */,
				7E09ADAE1A77755300F3538B /* SBJsonBase.m in Sources */,
				7E09AD8C1A76B8A100F3538B /* Define_Gloabal.m in Sources */,
				7E09ADAA1A77755300F3538B /* AFURLConnectionOperation.m in Sources */,
				7E09ADAF1A77755300F3538B /* SBJsonParser.m in Sources */,
				7EBFD8241A77C7FB00CF3A36 /* BitID.m in Sources */,
				7E09ADAD1A77755300F3538B /* SBJSON.m in Sources */,
				7EF7C6141A7AB78F00B1EED3 /* BitIDCommands.m in Sources */,
				7E09ADBB1A778B4100F3538B /* QRAnalystics.m in Sources */,
				7E09ADB41A77768E00F3538B /* NetworkingClass.m in Sources */,
				7EAC92F41A76ACE900058BA3 /* main.m in Sources */,
				7E09ADA71A77755300F3538B /* AFHTTPClient.m in Sources */,
				7E09ADA91A77755300F3538B /* AFJSONRequestOperation.m in Sources */,
				7E09ADA81A77755300F3538B /* AFHTTPRequestOperation.m in Sources */,
				7E09ADAC1A77755300F3538B /* NSString+SBJSON.m in Sources */,
			);
			runOnlyForDeploymentPostprocessing = 0;
		};
		7EAC93061A76ACE900058BA3 /* Sources */ = {
			isa = PBXSourcesBuildPhase;
			buildActionMask = 2147483647;
			files = (
				7EAC93111A76ACE900058BA3 /* OnChainTests.m in Sources */,
			);
			runOnlyForDeploymentPostprocessing = 0;
		};
/* End PBXSourcesBuildPhase section */

/* Begin PBXTargetDependency section */
		7EAC930C1A76ACE900058BA3 /* PBXTargetDependency */ = {
			isa = PBXTargetDependency;
			target = 7EAC92ED1A76ACE900058BA3 /* OnChain */;
			targetProxy = 7EAC930B1A76ACE900058BA3 /* PBXContainerItemProxy */;
		};
/* End PBXTargetDependency section */

/* Begin PBXVariantGroup section */
		7EAC92FE1A76ACE900058BA3 /* Main.storyboard */ = {
			isa = PBXVariantGroup;
			children = (
				7EAC92FF1A76ACE900058BA3 /* Base */,
			);
			name = Main.storyboard;
			sourceTree = "<group>";
		};
		7EAC93031A76ACE900058BA3 /* LaunchScreen.xib */ = {
			isa = PBXVariantGroup;
			children = (
				7EAC93041A76ACE900058BA3 /* Base */,
			);
			name = LaunchScreen.xib;
			sourceTree = "<group>";
		};
/* End PBXVariantGroup section */

/* Begin XCBuildConfiguration section */
		7EAC93121A76ACE900058BA3 /* Debug */ = {
			isa = XCBuildConfiguration;
			buildSettings = {
				ALWAYS_SEARCH_USER_PATHS = NO;
				CLANG_CXX_LANGUAGE_STANDARD = "gnu++0x";
				CLANG_CXX_LIBRARY = "libc++";
				CLANG_ENABLE_MODULES = YES;
				CLANG_ENABLE_OBJC_ARC = YES;
				CLANG_WARN_BOOL_CONVERSION = YES;
				CLANG_WARN_CONSTANT_CONVERSION = YES;
				CLANG_WARN_DIRECT_OBJC_ISA_USAGE = YES_ERROR;
				CLANG_WARN_EMPTY_BODY = YES;
				CLANG_WARN_ENUM_CONVERSION = YES;
				CLANG_WARN_INT_CONVERSION = YES;
				CLANG_WARN_OBJC_ROOT_CLASS = YES_ERROR;
				CLANG_WARN_UNREACHABLE_CODE = YES;
				CLANG_WARN__DUPLICATE_METHOD_MATCH = YES;
				"CODE_SIGN_IDENTITY[sdk=iphoneos*]" = "iPhone Developer";
				COPY_PHASE_STRIP = NO;
				ENABLE_STRICT_OBJC_MSGSEND = YES;
				GCC_C_LANGUAGE_STANDARD = gnu99;
				GCC_DYNAMIC_NO_PIC = NO;
				GCC_OPTIMIZATION_LEVEL = 0;
				GCC_PREPROCESSOR_DEFINITIONS = (
					"DEBUG=1",
					"$(inherited)",
				);
				GCC_SYMBOLS_PRIVATE_EXTERN = NO;
				GCC_WARN_64_TO_32_BIT_CONVERSION = YES;
				GCC_WARN_ABOUT_RETURN_TYPE = YES_ERROR;
				GCC_WARN_UNDECLARED_SELECTOR = YES;
				GCC_WARN_UNINITIALIZED_AUTOS = YES_AGGRESSIVE;
				GCC_WARN_UNUSED_FUNCTION = YES;
				GCC_WARN_UNUSED_VARIABLE = YES;
				IPHONEOS_DEPLOYMENT_TARGET = 8.1;
				MTL_ENABLE_DEBUG_INFO = YES;
				ONLY_ACTIVE_ARCH = YES;
				SDKROOT = iphoneos;
				TARGETED_DEVICE_FAMILY = "1,2";
			};
			name = Debug;
		};
		7EAC93131A76ACE900058BA3 /* Release */ = {
			isa = XCBuildConfiguration;
			buildSettings = {
				ALWAYS_SEARCH_USER_PATHS = NO;
				CLANG_CXX_LANGUAGE_STANDARD = "gnu++0x";
				CLANG_CXX_LIBRARY = "libc++";
				CLANG_ENABLE_MODULES = YES;
				CLANG_ENABLE_OBJC_ARC = YES;
				CLANG_WARN_BOOL_CONVERSION = YES;
				CLANG_WARN_CONSTANT_CONVERSION = YES;
				CLANG_WARN_DIRECT_OBJC_ISA_USAGE = YES_ERROR;
				CLANG_WARN_EMPTY_BODY = YES;
				CLANG_WARN_ENUM_CONVERSION = YES;
				CLANG_WARN_INT_CONVERSION = YES;
				CLANG_WARN_OBJC_ROOT_CLASS = YES_ERROR;
				CLANG_WARN_UNREACHABLE_CODE = YES;
				CLANG_WARN__DUPLICATE_METHOD_MATCH = YES;
				"CODE_SIGN_IDENTITY[sdk=iphoneos*]" = "iPhone Developer";
				COPY_PHASE_STRIP = YES;
				ENABLE_NS_ASSERTIONS = NO;
				ENABLE_STRICT_OBJC_MSGSEND = YES;
				GCC_C_LANGUAGE_STANDARD = gnu99;
				GCC_WARN_64_TO_32_BIT_CONVERSION = YES;
				GCC_WARN_ABOUT_RETURN_TYPE = YES_ERROR;
				GCC_WARN_UNDECLARED_SELECTOR = YES;
				GCC_WARN_UNINITIALIZED_AUTOS = YES_AGGRESSIVE;
				GCC_WARN_UNUSED_FUNCTION = YES;
				GCC_WARN_UNUSED_VARIABLE = YES;
				IPHONEOS_DEPLOYMENT_TARGET = 8.1;
				MTL_ENABLE_DEBUG_INFO = NO;
				SDKROOT = iphoneos;
				TARGETED_DEVICE_FAMILY = "1,2";
				VALIDATE_PRODUCT = YES;
			};
			name = Release;
		};
		7EAC93151A76ACE900058BA3 /* Debug */ = {
			isa = XCBuildConfiguration;
			baseConfigurationReference = DFCDAE795393527EC56CF9E2 /* Pods-OnChain.debug.xcconfig */;
			buildSettings = {
				ASSETCATALOG_COMPILER_APPICON_NAME = AppIcon;
				INFOPLIST_FILE = OnChain/Info.plist;
				LD_RUNPATH_SEARCH_PATHS = "$(inherited) @executable_path/Frameworks";
				PRODUCT_NAME = "$(TARGET_NAME)";
			};
			name = Debug;
		};
		7EAC93161A76ACE900058BA3 /* Release */ = {
			isa = XCBuildConfiguration;
			baseConfigurationReference = F34FF5FB5007E4DA47C80402 /* Pods-OnChain.release.xcconfig */;
			buildSettings = {
				ASSETCATALOG_COMPILER_APPICON_NAME = AppIcon;
				INFOPLIST_FILE = OnChain/Info.plist;
				LD_RUNPATH_SEARCH_PATHS = "$(inherited) @executable_path/Frameworks";
				PRODUCT_NAME = "$(TARGET_NAME)";
			};
			name = Release;
		};
		7EAC93181A76ACE900058BA3 /* Debug */ = {
			isa = XCBuildConfiguration;
			buildSettings = {
				BUNDLE_LOADER = "$(TEST_HOST)";
				FRAMEWORK_SEARCH_PATHS = (
					"$(SDKROOT)/Developer/Library/Frameworks",
					"$(inherited)",
				);
				GCC_PREPROCESSOR_DEFINITIONS = (
					"DEBUG=1",
					"$(inherited)",
				);
				INFOPLIST_FILE = OnChainTests/Info.plist;
				LD_RUNPATH_SEARCH_PATHS = "$(inherited) @executable_path/Frameworks @loader_path/Frameworks";
				PRODUCT_NAME = "$(TARGET_NAME)";
				TEST_HOST = "$(BUILT_PRODUCTS_DIR)/OnChain.app/OnChain";
			};
			name = Debug;
		};
		7EAC93191A76ACE900058BA3 /* Release */ = {
			isa = XCBuildConfiguration;
			buildSettings = {
				BUNDLE_LOADER = "$(TEST_HOST)";
				FRAMEWORK_SEARCH_PATHS = (
					"$(SDKROOT)/Developer/Library/Frameworks",
					"$(inherited)",
				);
				INFOPLIST_FILE = OnChainTests/Info.plist;
				LD_RUNPATH_SEARCH_PATHS = "$(inherited) @executable_path/Frameworks @loader_path/Frameworks";
				PRODUCT_NAME = "$(TARGET_NAME)";
				TEST_HOST = "$(BUILT_PRODUCTS_DIR)/OnChain.app/OnChain";
			};
			name = Release;
		};
/* End XCBuildConfiguration section */

/* Begin XCConfigurationList section */
		7EAC92E91A76ACE900058BA3 /* Build configuration list for PBXProject "OnChain" */ = {
			isa = XCConfigurationList;
			buildConfigurations = (
				7EAC93121A76ACE900058BA3 /* Debug */,
				7EAC93131A76ACE900058BA3 /* Release */,
			);
			defaultConfigurationIsVisible = 0;
			defaultConfigurationName = Release;
		};
		7EAC93141A76ACE900058BA3 /* Build configuration list for PBXNativeTarget "OnChain" */ = {
			isa = XCConfigurationList;
			buildConfigurations = (
				7EAC93151A76ACE900058BA3 /* Debug */,
				7EAC93161A76ACE900058BA3 /* Release */,
			);
			defaultConfigurationIsVisible = 0;
			defaultConfigurationName = Release;
		};
		7EAC93171A76ACE900058BA3 /* Build configuration list for PBXNativeTarget "OnChainTests" */ = {
			isa = XCConfigurationList;
			buildConfigurations = (
				7EAC93181A76ACE900058BA3 /* Debug */,
				7EAC93191A76ACE900058BA3 /* Release */,
			);
			defaultConfigurationIsVisible = 0;
			defaultConfigurationName = Release;
		};
/* End XCConfigurationList section */

/* Begin XCVersionGroup section */
		7EAC92F81A76ACE900058BA3 /* OnChain.xcdatamodeld */ = {
			isa = XCVersionGroup;
			children = (
				7EAC92F91A76ACE900058BA3 /* OnChain.xcdatamodel */,
			);
			currentVersion = 7EAC92F91A76ACE900058BA3 /* OnChain.xcdatamodel */;
			path = OnChain.xcdatamodeld;
			sourceTree = "<group>";
			versionGroupType = wrapper.xcdatamodel;
		};
/* End XCVersionGroup section */
	};
	rootObject = 7EAC92E61A76ACE900058BA3 /* Project object */;
}
